
Microsoft Visual Studio Solution File, Format Version 12.00
# Visual Studio Version 16
VisualStudioVersion = 16.0.31105.61
MinimumVisualStudioVersion = 10.0.40219.1
Project("{FAE04EC0-301F-11D3-BF4B-00C04F79EFBC}") = "pipeline", "pipeline\pipeline.csproj", "{EC1FCC94-2656-442A-A78A-32804959C2B8}"
EndProject
Global
	GlobalSection(SolutionConfigurationPlatforms) = preSolution
		Debug|Any CPU = Debug|Any CPU
		Release|Any CPU = Release|Any CPU
	EndGlobalSection
	GlobalSection(ProjectConfigurationPlatforms) = postSolution
		{EC1FCC94-2656-442A-A78A-32804959C2B8}.Debug|Any CPU.ActiveCfg = Debug|Any CPU
		{EC1FCC94-2656-442A-A78A-32804959C2B8}.Debug|Any CPU.Build.0 = Debug|Any CPU
		{EC1FCC94-2656-442A-A78A-32804959C2B8}.Release|Any CPU.ActiveCfg = Release|Any CPU
		{EC1FCC94-2656-442A-A78A-32804959C2B8}.Release|Any CPU.Build.0 = Release|Any CPU
	EndGlobalSection
	GlobalSection(SolutionProperties) = preSolution
		HideSolutionNode = FALSE
	EndGlobalSection
	GlobalSection(ExtensibilityGlobals) = postSolution
		SolutionGuid = {A80D3003-56D9-4927-9A5E-E8B3F626C390}
	EndGlobalSection
EndGlobal
